
Microsoft Visual Studio Solution File, Format Version 12.00
# Visual Studio Version 17
VisualStudioVersion = 17.3.32922.545
MinimumVisualStudioVersion = 10.0.40219.1
Project("{9A19103F-16F7-4668-BE54-9A1E7A4F7556}") = "ZID.Automat.Api", "src\ZID.Automat.Api\ZID.Automat.Api.csproj", "{995E9950-F914-4A05-97FC-2EEFC29D9309}"
EndProject
Project("{9A19103F-16F7-4668-BE54-9A1E7A4F7556}") = "ZID.Automat.Application", "src\ZID.Automat.Application\ZID.Automat.Application.csproj", "{726D5F96-8203-4049-94E6-9D8FD8561202}"
EndProject
Project("{9A19103F-16F7-4668-BE54-9A1E7A4F7556}") = "ZID.Automat.Domain", "src\ZID.Automat.Domain\ZID.Automat.Domain.csproj", "{8C0670E7-C0C6-4A11-AF7E-1C357267FCB8}"
EndProject
Project("{9A19103F-16F7-4668-BE54-9A1E7A4F7556}") = "ZID.Automat.Infrastructure", "src\ZID.Automat.Infrastructure\ZID.Automat.Infrastructure.csproj", "{1A5FAD04-2564-45B9-AA90-5D702C312BDB}"
EndProject
Project("{9A19103F-16F7-4668-BE54-9A1E7A4F7556}") = "ZID.Automat.Repository", "src\ZID.Automat.Repository\ZID.Automat.Repository.csproj", "{8D215872-349E-46AC-B523-373599EC2A46}"
EndProject
Project("{9A19103F-16F7-4668-BE54-9A1E7A4F7556}") = "ZID.Automat.Api.Test", "src\ZID.Automat.Api.Test\ZID.Automat.Api.Test.csproj", "{658940E7-704D-4DE4-9DC9-FAD76940D498}"
EndProject
Project("{9A19103F-16F7-4668-BE54-9A1E7A4F7556}") = "ZID.Automat.Domain.Test", "src\ZID.Automat.Domain.Test\ZID.Automat.Domain.Test.csproj", "{9D86B73A-1C88-4A15-B97A-63447299E99D}"
EndProject
Project("{FAE04EC0-301F-11D3-BF4B-00C04F79EFBC}") = "ZID.Automat.Application.Test", "src\ZID.Automat.Application.Test\ZID.Automat.Application.Test.csproj", "{89A836B9-B08A-4A15-BDE0-00A20822E28B}"
EndProject
Global
	GlobalSection(SolutionConfigurationPlatforms) = preSolution
		Debug|Any CPU = Debug|Any CPU
		Release|Any CPU = Release|Any CPU
	EndGlobalSection
	GlobalSection(ProjectConfigurationPlatforms) = postSolution
		{995E9950-F914-4A05-97FC-2EEFC29D9309}.Debug|Any CPU.ActiveCfg = Debug|Any CPU
		{995E9950-F914-4A05-97FC-2EEFC29D9309}.Debug|Any CPU.Build.0 = Debug|Any CPU
		{995E9950-F914-4A05-97FC-2EEFC29D9309}.Release|Any CPU.ActiveCfg = Release|Any CPU
		{995E9950-F914-4A05-97FC-2EEFC29D9309}.Release|Any CPU.Build.0 = Release|Any CPU
		{726D5F96-8203-4049-94E6-9D8FD8561202}.Debug|Any CPU.ActiveCfg = Debug|Any CPU
		{726D5F96-8203-4049-94E6-9D8FD8561202}.Debug|Any CPU.Build.0 = Debug|Any CPU
		{726D5F96-8203-4049-94E6-9D8FD8561202}.Release|Any CPU.ActiveCfg = Release|Any CPU
		{726D5F96-8203-4049-94E6-9D8FD8561202}.Release|Any CPU.Build.0 = Release|Any CPU
		{8C0670E7-C0C6-4A11-AF7E-1C357267FCB8}.Debug|Any CPU.ActiveCfg = Debug|Any CPU
		{8C0670E7-C0C6-4A11-AF7E-1C357267FCB8}.Debug|Any CPU.Build.0 = Debug|Any CPU
		{8C0670E7-C0C6-4A11-AF7E-1C357267FCB8}.Release|Any CPU.ActiveCfg = Release|Any CPU
		{8C0670E7-C0C6-4A11-AF7E-1C357267FCB8}.Release|Any CPU.Build.0 = Release|Any CPU
		{1A5FAD04-2564-45B9-AA90-5D702C312BDB}.Debug|Any CPU.ActiveCfg = Debug|Any CPU
		{1A5FAD04-2564-45B9-AA90-5D702C312BDB}.Debug|Any CPU.Build.0 = Debug|Any CPU
		{1A5FAD04-2564-45B9-AA90-5D702C312BDB}.Release|Any CPU.ActiveCfg = Release|Any CPU
		{1A5FAD04-2564-45B9-AA90-5D702C312BDB}.Release|Any CPU.Build.0 = Release|Any CPU
		{8D215872-349E-46AC-B523-373599EC2A46}.Debug|Any CPU.ActiveCfg = Debug|Any CPU
		{8D215872-349E-46AC-B523-373599EC2A46}.Debug|Any CPU.Build.0 = Debug|Any CPU
		{8D215872-349E-46AC-B523-373599EC2A46}.Release|Any CPU.ActiveCfg = Release|Any CPU
		{8D215872-349E-46AC-B523-373599EC2A46}.Release|Any CPU.Build.0 = Release|Any CPU
		{658940E7-704D-4DE4-9DC9-FAD76940D498}.Debug|Any CPU.ActiveCfg = Debug|Any CPU
		{658940E7-704D-4DE4-9DC9-FAD76940D498}.Debug|Any CPU.Build.0 = Debug|Any CPU
		{658940E7-704D-4DE4-9DC9-FAD76940D498}.Release|Any CPU.ActiveCfg = Release|Any CPU
		{658940E7-704D-4DE4-9DC9-FAD76940D498}.Release|Any CPU.Build.0 = Release|Any CPU
		{9D86B73A-1C88-4A15-B97A-63447299E99D}.Debug|Any CPU.ActiveCfg = Debug|Any CPU
		{9D86B73A-1C88-4A15-B97A-63447299E99D}.Debug|Any CPU.Build.0 = Debug|Any CPU
		{9D86B73A-1C88-4A15-B97A-63447299E99D}.Release|Any CPU.ActiveCfg = Release|Any CPU
		{9D86B73A-1C88-4A15-B97A-63447299E99D}.Release|Any CPU.Build.0 = Release|Any CPU
		{89A836B9-B08A-4A15-BDE0-00A20822E28B}.Debug|Any CPU.ActiveCfg = Debug|Any CPU
		{89A836B9-B08A-4A15-BDE0-00A20822E28B}.Debug|Any CPU.Build.0 = Debug|Any CPU
		{89A836B9-B08A-4A15-BDE0-00A20822E28B}.Release|Any CPU.ActiveCfg = Release|Any CPU
		{89A836B9-B08A-4A15-BDE0-00A20822E28B}.Release|Any CPU.Build.0 = Release|Any CPU
	EndGlobalSection
	GlobalSection(SolutionProperties) = preSolution
		HideSolutionNode = FALSE
	EndGlobalSection
	GlobalSection(ExtensibilityGlobals) = postSolution
		SolutionGuid = {F0210278-C52F-4EF6-BE90-EEA4406CFBFD}
	EndGlobalSection
EndGlobal
