
Microsoft Visual Studio Solution File, Format Version 12.00
# Visual Studio Version 17
VisualStudioVersion = 17.3.32922.545
MinimumVisualStudioVersion = 10.0.40219.1
Project("{9A19103F-16F7-4668-BE54-9A1E7A4F7556}") = "ZID.Automat.Api", "src\ZID.Automat.Api\ZID.Automat.Api.csproj", "{995E9950-F914-4A05-97FC-2EEFC29D9309}"
EndProject
Project("{9A19103F-16F7-4668-BE54-9A1E7A4F7556}") = "ZID.Automat.Application", "src\ZID.Automat.Application\ZID.Automat.Application.csproj", "{726D5F96-8203-4049-94E6-9D8FD8561202}"
EndProject
Project("{9A19103F-16F7-4668-BE54-9A1E7A4F7556}") = "ZID.Automat.Domain", "src\ZID.Automat.Domain\ZID.Automat.Domain.csproj", "{8C0670E7-C0C6-4A11-AF7E-1C357267FCB8}"
EndProject
Project("{9A19103F-16F7-4668-BE54-9A1E7A4F7556}") = "ZID.Automat.Infrastructure", "src\ZID.Automat.Infrastructure\ZID.Automat.Infrastructure.csproj", "{1A5FAD04-2564-45B9-AA90-5D702C312BDB}"
EndProject
Project("{9A19103F-16F7-4668-BE54-9A1E7A4F7556}") = "ZID.Automat.Repository", "src\ZID.Automat.Repository\ZID.Automat.Repository.csproj", "{8D215872-349E-46AC-B523-373599EC2A46}"
EndProject
Project("{9A19103F-16F7-4668-BE54-9A1E7A4F7556}") = "ZID.Automat.Dto", "src\ZID.Automat.Dto\ZID.Automat.Dto.csproj", "{2F2B2832-AB6C-4101-83ED-81EF09E42F50}"
EndProject
Project("{9A19103F-16F7-4668-BE54-9A1E7A4F7556}") = "ZID.Automat.Configuration", "src\ZID.Automat.Configuration\ZID.Automat.Configuration.csproj", "{C4C98B28-39E1-43C5-904F-2ADED4633B3D}"
EndProject
Project("{9A19103F-16F7-4668-BE54-9A1E7A4F7556}") = "ZID.Automat.DatabaseExtension", "src\ZID.Automat.Extension\ZID.Automat.DatabaseExtension.csproj", "{1695963E-D0BD-4DE8-B791-4A525ACDF116}"
EndProject
Project("{9A19103F-16F7-4668-BE54-9A1E7A4F7556}") = "ZID.Automat.AutoMapper", "src\ZID.Automat.AutoMapper\ZID.Automat.AutoMapper.csproj", "{C8B30AEF-2BE1-4B7B-ABA0-49970F37317E}"
EndProject
Project("{9A19103F-16F7-4668-BE54-9A1E7A4F7556}") = "ZID.Automat.Exceptions", "src\ZID.Automat.Exceptions\ZID.Automat.Exceptions.csproj", "{516AC696-4C10-4C2A-8167-EB625F89050A}"
EndProject
Project("{9A19103F-16F7-4668-BE54-9A1E7A4F7556}") = "ZID.Automat.AutoMapper.Test", "test\ZID.Automat.AutoMapper.Test\ZID.Automat.AutoMapper.Test.csproj", "{55EFFD8B-1F5F-47C7-A80E-FD97C777D0B3}"
EndProject
Project("{FAE04EC0-301F-11D3-BF4B-00C04F79EFBC}") = "ZID.Automat.Application.Test", "test\ZID.Automat.Application.Test\ZID.Automat.Application.Test.csproj", "{BD047939-A255-4E8E-8544-4B482B74CE47}"
EndProject
Global
	GlobalSection(SolutionConfigurationPlatforms) = preSolution
		Debug|Any CPU = Debug|Any CPU
		Release|Any CPU = Release|Any CPU
	EndGlobalSection
	GlobalSection(ProjectConfigurationPlatforms) = postSolution
		{995E9950-F914-4A05-97FC-2EEFC29D9309}.Debug|Any CPU.ActiveCfg = Debug|Any CPU
		{995E9950-F914-4A05-97FC-2EEFC29D9309}.Debug|Any CPU.Build.0 = Debug|Any CPU
		{995E9950-F914-4A05-97FC-2EEFC29D9309}.Release|Any CPU.ActiveCfg = Release|Any CPU
		{995E9950-F914-4A05-97FC-2EEFC29D9309}.Release|Any CPU.Build.0 = Release|Any CPU
		{726D5F96-8203-4049-94E6-9D8FD8561202}.Debug|Any CPU.ActiveCfg = Debug|Any CPU
		{726D5F96-8203-4049-94E6-9D8FD8561202}.Debug|Any CPU.Build.0 = Debug|Any CPU
		{726D5F96-8203-4049-94E6-9D8FD8561202}.Release|Any CPU.ActiveCfg = Release|Any CPU
		{726D5F96-8203-4049-94E6-9D8FD8561202}.Release|Any CPU.Build.0 = Release|Any CPU
		{8C0670E7-C0C6-4A11-AF7E-1C357267FCB8}.Debug|Any CPU.ActiveCfg = Debug|Any CPU
		{8C0670E7-C0C6-4A11-AF7E-1C357267FCB8}.Debug|Any CPU.Build.0 = Debug|Any CPU
		{8C0670E7-C0C6-4A11-AF7E-1C357267FCB8}.Release|Any CPU.ActiveCfg = Release|Any CPU
		{8C0670E7-C0C6-4A11-AF7E-1C357267FCB8}.Release|Any CPU.Build.0 = Release|Any CPU
		{1A5FAD04-2564-45B9-AA90-5D702C312BDB}.Debug|Any CPU.ActiveCfg = Debug|Any CPU
		{1A5FAD04-2564-45B9-AA90-5D702C312BDB}.Debug|Any CPU.Build.0 = Debug|Any CPU
		{1A5FAD04-2564-45B9-AA90-5D702C312BDB}.Release|Any CPU.ActiveCfg = Release|Any CPU
		{1A5FAD04-2564-45B9-AA90-5D702C312BDB}.Release|Any CPU.Build.0 = Release|Any CPU
		{8D215872-349E-46AC-B523-373599EC2A46}.Debug|Any CPU.ActiveCfg = Debug|Any CPU
		{8D215872-349E-46AC-B523-373599EC2A46}.Debug|Any CPU.Build.0 = Debug|Any CPU
		{8D215872-349E-46AC-B523-373599EC2A46}.Release|Any CPU.ActiveCfg = Release|Any CPU
		{8D215872-349E-46AC-B523-373599EC2A46}.Release|Any CPU.Build.0 = Release|Any CPU
		{2F2B2832-AB6C-4101-83ED-81EF09E42F50}.Debug|Any CPU.ActiveCfg = Debug|Any CPU
		{2F2B2832-AB6C-4101-83ED-81EF09E42F50}.Debug|Any CPU.Build.0 = Debug|Any CPU
		{2F2B2832-AB6C-4101-83ED-81EF09E42F50}.Release|Any CPU.ActiveCfg = Release|Any CPU
		{2F2B2832-AB6C-4101-83ED-81EF09E42F50}.Release|Any CPU.Build.0 = Release|Any CPU
		{C4C98B28-39E1-43C5-904F-2ADED4633B3D}.Debug|Any CPU.ActiveCfg = Debug|Any CPU
		{C4C98B28-39E1-43C5-904F-2ADED4633B3D}.Debug|Any CPU.Build.0 = Debug|Any CPU
		{C4C98B28-39E1-43C5-904F-2ADED4633B3D}.Release|Any CPU.ActiveCfg = Release|Any CPU
		{C4C98B28-39E1-43C5-904F-2ADED4633B3D}.Release|Any CPU.Build.0 = Release|Any CPU
		{1695963E-D0BD-4DE8-B791-4A525ACDF116}.Debug|Any CPU.ActiveCfg = Debug|Any CPU
		{1695963E-D0BD-4DE8-B791-4A525ACDF116}.Debug|Any CPU.Build.0 = Debug|Any CPU
		{1695963E-D0BD-4DE8-B791-4A525ACDF116}.Release|Any CPU.ActiveCfg = Release|Any CPU
		{1695963E-D0BD-4DE8-B791-4A525ACDF116}.Release|Any CPU.Build.0 = Release|Any CPU
		{C8B30AEF-2BE1-4B7B-ABA0-49970F37317E}.Debug|Any CPU.ActiveCfg = Debug|Any CPU
		{C8B30AEF-2BE1-4B7B-ABA0-49970F37317E}.Debug|Any CPU.Build.0 = Debug|Any CPU
		{C8B30AEF-2BE1-4B7B-ABA0-49970F37317E}.Release|Any CPU.ActiveCfg = Release|Any CPU
		{C8B30AEF-2BE1-4B7B-ABA0-49970F37317E}.Release|Any CPU.Build.0 = Release|Any CPU
		{516AC696-4C10-4C2A-8167-EB625F89050A}.Debug|Any CPU.ActiveCfg = Debug|Any CPU
		{516AC696-4C10-4C2A-8167-EB625F89050A}.Debug|Any CPU.Build.0 = Debug|Any CPU
		{516AC696-4C10-4C2A-8167-EB625F89050A}.Release|Any CPU.ActiveCfg = Release|Any CPU
		{516AC696-4C10-4C2A-8167-EB625F89050A}.Release|Any CPU.Build.0 = Release|Any CPU
		{55EFFD8B-1F5F-47C7-A80E-FD97C777D0B3}.Debug|Any CPU.ActiveCfg = Debug|Any CPU
		{55EFFD8B-1F5F-47C7-A80E-FD97C777D0B3}.Debug|Any CPU.Build.0 = Debug|Any CPU
		{55EFFD8B-1F5F-47C7-A80E-FD97C777D0B3}.Release|Any CPU.ActiveCfg = Release|Any CPU
		{55EFFD8B-1F5F-47C7-A80E-FD97C777D0B3}.Release|Any CPU.Build.0 = Release|Any CPU
		{BD047939-A255-4E8E-8544-4B482B74CE47}.Debug|Any CPU.ActiveCfg = Debug|Any CPU
		{BD047939-A255-4E8E-8544-4B482B74CE47}.Debug|Any CPU.Build.0 = Debug|Any CPU
		{BD047939-A255-4E8E-8544-4B482B74CE47}.Release|Any CPU.ActiveCfg = Release|Any CPU
		{BD047939-A255-4E8E-8544-4B482B74CE47}.Release|Any CPU.Build.0 = Release|Any CPU
	EndGlobalSection
	GlobalSection(SolutionProperties) = preSolution
		HideSolutionNode = FALSE
	EndGlobalSection
	GlobalSection(ExtensibilityGlobals) = postSolution
		SolutionGuid = {F0210278-C52F-4EF6-BE90-EEA4406CFBFD}
	EndGlobalSection
EndGlobal
